
Microsoft Visual Studio Solution File, Format Version 12.00
# Visual Studio Version 17
VisualStudioVersion = 17.6.33815.320
MinimumVisualStudioVersion = 10.0.40219.1
Project("{FAE04EC0-301F-11D3-BF4B-00C04F79EFBC}") = "Martha.Services", "Martha.Services\Martha.Services.csproj", "{A2D437FC-0FE0-473F-B243-5B7BF4C0A4C9}"
EndProject
Global
	GlobalSection(SolutionConfigurationPlatforms) = preSolution
		Debug|Any CPU = Debug|Any CPU
		Release|Any CPU = Release|Any CPU
	EndGlobalSection
	GlobalSection(ProjectConfigurationPlatforms) = postSolution
		{A2D437FC-0FE0-473F-B243-5B7BF4C0A4C9}.Debug|Any CPU.ActiveCfg = Debug|Any CPU
		{A2D437FC-0FE0-473F-B243-5B7BF4C0A4C9}.Debug|Any CPU.Build.0 = Debug|Any CPU
		{A2D437FC-0FE0-473F-B243-5B7BF4C0A4C9}.Release|Any CPU.ActiveCfg = Release|Any CPU
		{A2D437FC-0FE0-473F-B243-5B7BF4C0A4C9}.Release|Any CPU.Build.0 = Release|Any CPU
	EndGlobalSection
	GlobalSection(SolutionProperties) = preSolution
		HideSolutionNode = FALSE
	EndGlobalSection
	GlobalSection(ExtensibilityGlobals) = postSolution
		SolutionGuid = {96F58EAF-55AB-48E4-B398-7DFB976F16D9}
	EndGlobalSection
EndGlobal
